
Microsoft Visual Studio Solution File, Format Version 12.00
# Visual Studio Version 17
VisualStudioVersion = 17.10.35027.167
MinimumVisualStudioVersion = 10.0.40219.1
Project("{FAE04EC0-301F-11D3-BF4B-00C04F79EFBC}") = "AndroPen", "AndroPen.csproj", "{C8AB14CC-DDE9-4847-9B42-14ED604C42DE}"
EndProject
Global
	GlobalSection(SolutionConfigurationPlatforms) = preSolution
		Debug|Any CPU = Debug|Any CPU
		Debug|ARM64 = Debug|ARM64
		Debug|x64 = Debug|x64
		Release|Any CPU = Release|Any CPU
		Release|ARM64 = Release|ARM64
		Release|x64 = Release|x64
	EndGlobalSection
	GlobalSection(ProjectConfigurationPlatforms) = postSolution
		{C8AB14CC-DDE9-4847-9B42-14ED604C42DE}.Debug|Any CPU.ActiveCfg = Debug|Any CPU
		{C8AB14CC-DDE9-4847-9B42-14ED604C42DE}.Debug|Any CPU.Build.0 = Debug|Any CPU
		{C8AB14CC-DDE9-4847-9B42-14ED604C42DE}.Debug|ARM64.ActiveCfg = Debug|Any CPU
		{C8AB14CC-DDE9-4847-9B42-14ED604C42DE}.Debug|ARM64.Build.0 = Debug|Any CPU
		{C8AB14CC-DDE9-4847-9B42-14ED604C42DE}.Debug|x64.ActiveCfg = Debug|Any CPU
		{C8AB14CC-DDE9-4847-9B42-14ED604C42DE}.Debug|x64.Build.0 = Debug|Any CPU
		{C8AB14CC-DDE9-4847-9B42-14ED604C42DE}.Release|Any CPU.ActiveCfg = Release|Any CPU
		{C8AB14CC-DDE9-4847-9B42-14ED604C42DE}.Release|Any CPU.Build.0 = Release|Any CPU
		{C8AB14CC-DDE9-4847-9B42-14ED604C42DE}.Release|ARM64.ActiveCfg = Release|Any CPU
		{C8AB14CC-DDE9-4847-9B42-14ED604C42DE}.Release|ARM64.Build.0 = Release|Any CPU
		{C8AB14CC-DDE9-4847-9B42-14ED604C42DE}.Release|x64.ActiveCfg = Release|Any CPU
		{C8AB14CC-DDE9-4847-9B42-14ED604C42DE}.Release|x64.Build.0 = Release|Any CPU
	EndGlobalSection
	GlobalSection(SolutionProperties) = preSolution
		HideSolutionNode = FALSE
	EndGlobalSection
	GlobalSection(ExtensibilityGlobals) = postSolution
		SolutionGuid = {560FD35C-31E6-4765-B86B-0630AF7B71E1}
	EndGlobalSection
EndGlobal
